
Microsoft Visual Studio Solution File, Format Version 12.00
# Visual Studio Version 17
VisualStudioVersion = 17.14.36408.4
MinimumVisualStudioVersion = 10.0.40219.1
Project("{FAE04EC0-301F-11D3-BF4B-00C04F79EFBC}") = "WebApi", "WebApi\WebApi.csproj", "{F54EDC7D-88EC-4FA8-BB34-D9319728E9FD}"
EndProject
Global
	GlobalSection(SolutionConfigurationPlatforms) = preSolution
		Debug|Any CPU = Debug|Any CPU
		Release|Any CPU = Release|Any CPU
	EndGlobalSection
	GlobalSection(ProjectConfigurationPlatforms) = postSolution
		{F54EDC7D-88EC-4FA8-BB34-D9319728E9FD}.Debug|Any CPU.ActiveCfg = Debug|Any CPU
		{F54EDC7D-88EC-4FA8-BB34-D9319728E9FD}.Debug|Any CPU.Build.0 = Debug|Any CPU
		{F54EDC7D-88EC-4FA8-BB34-D9319728E9FD}.Release|Any CPU.ActiveCfg = Release|Any CPU
		{F54EDC7D-88EC-4FA8-BB34-D9319728E9FD}.Release|Any CPU.Build.0 = Release|Any CPU
	EndGlobalSection
	GlobalSection(SolutionProperties) = preSolution
		HideSolutionNode = FALSE
	EndGlobalSection
	GlobalSection(ExtensibilityGlobals) = postSolution
		SolutionGuid = {5F045154-65CB-45C6-82B6-FAB1F7BE1425}
	EndGlobalSection
EndGlobal
